
Microsoft Visual Studio Solution File, Format Version 12.00
# Visual Studio 2013
VisualStudioVersion = 12.0.30501.0
MinimumVisualStudioVersion = 10.0.40219.1
Project("{FAE04EC0-301F-11D3-BF4B-00C04F79EFBC}") = "Seek", "Seek\Seek.csproj", "{FE94F95B-FD30-4DB4-B725-9A08C70B3FBD}"
EndProject
Project("{FAE04EC0-301F-11D3-BF4B-00C04F79EFBC}") = "IA", "IA\IA.csproj", "{CE92DD35-AD58-41C5-9F92-39A91633C7C6}"
EndProject
Project("{FAE04EC0-301F-11D3-BF4B-00C04F79EFBC}") = "Flee", "Flee\Flee.csproj", "{1F57A761-3B58-4620-A8EF-5E3A2C85F09F}"
EndProject
Project("{FAE04EC0-301F-11D3-BF4B-00C04F79EFBC}") = "Arrive", "Arrive\Arrive.csproj", "{D0CDABFE-17D3-459B-87A1-22EA0F7CB916}"
EndProject
Project("{FAE04EC0-301F-11D3-BF4B-00C04F79EFBC}") = "Align", "Align\Align.csproj", "{B759591E-0A82-41FE-8DB9-9FFD01EA599B}"
EndProject
Project("{FAE04EC0-301F-11D3-BF4B-00C04F79EFBC}") = "Velocity", "Velocity\Velocity.csproj", "{25930E2D-46A9-4BFE-871A-100B1D43FCD3}"
EndProject
Global
	GlobalSection(SolutionConfigurationPlatforms) = preSolution
		Debug|Any CPU = Debug|Any CPU
		Debug|Mixed Platforms = Debug|Mixed Platforms
		Debug|x86 = Debug|x86
		Release|Any CPU = Release|Any CPU
		Release|Mixed Platforms = Release|Mixed Platforms
		Release|x86 = Release|x86
	EndGlobalSection
	GlobalSection(ProjectConfigurationPlatforms) = postSolution
		{FE94F95B-FD30-4DB4-B725-9A08C70B3FBD}.Debug|Any CPU.ActiveCfg = Debug|x86
		{FE94F95B-FD30-4DB4-B725-9A08C70B3FBD}.Debug|Mixed Platforms.ActiveCfg = Debug|x86
		{FE94F95B-FD30-4DB4-B725-9A08C70B3FBD}.Debug|Mixed Platforms.Build.0 = Debug|x86
		{FE94F95B-FD30-4DB4-B725-9A08C70B3FBD}.Debug|x86.ActiveCfg = Debug|x86
		{FE94F95B-FD30-4DB4-B725-9A08C70B3FBD}.Debug|x86.Build.0 = Debug|x86
		{FE94F95B-FD30-4DB4-B725-9A08C70B3FBD}.Release|Any CPU.ActiveCfg = Release|x86
		{FE94F95B-FD30-4DB4-B725-9A08C70B3FBD}.Release|Mixed Platforms.ActiveCfg = Release|x86
		{FE94F95B-FD30-4DB4-B725-9A08C70B3FBD}.Release|Mixed Platforms.Build.0 = Release|x86
		{FE94F95B-FD30-4DB4-B725-9A08C70B3FBD}.Release|x86.ActiveCfg = Release|x86
		{FE94F95B-FD30-4DB4-B725-9A08C70B3FBD}.Release|x86.Build.0 = Release|x86
		{CE92DD35-AD58-41C5-9F92-39A91633C7C6}.Debug|Any CPU.ActiveCfg = Debug|x86
		{CE92DD35-AD58-41C5-9F92-39A91633C7C6}.Debug|Mixed Platforms.ActiveCfg = Debug|x86
		{CE92DD35-AD58-41C5-9F92-39A91633C7C6}.Debug|Mixed Platforms.Build.0 = Debug|x86
		{CE92DD35-AD58-41C5-9F92-39A91633C7C6}.Debug|x86.ActiveCfg = Debug|x86
		{CE92DD35-AD58-41C5-9F92-39A91633C7C6}.Debug|x86.Build.0 = Debug|x86
		{CE92DD35-AD58-41C5-9F92-39A91633C7C6}.Release|Any CPU.ActiveCfg = Release|x86
		{CE92DD35-AD58-41C5-9F92-39A91633C7C6}.Release|Mixed Platforms.ActiveCfg = Release|x86
		{CE92DD35-AD58-41C5-9F92-39A91633C7C6}.Release|Mixed Platforms.Build.0 = Release|x86
		{CE92DD35-AD58-41C5-9F92-39A91633C7C6}.Release|x86.ActiveCfg = Release|x86
		{CE92DD35-AD58-41C5-9F92-39A91633C7C6}.Release|x86.Build.0 = Release|x86
		{1F57A761-3B58-4620-A8EF-5E3A2C85F09F}.Debug|Any CPU.ActiveCfg = Debug|x86
		{1F57A761-3B58-4620-A8EF-5E3A2C85F09F}.Debug|Mixed Platforms.ActiveCfg = Debug|x86
		{1F57A761-3B58-4620-A8EF-5E3A2C85F09F}.Debug|Mixed Platforms.Build.0 = Debug|x86
		{1F57A761-3B58-4620-A8EF-5E3A2C85F09F}.Debug|x86.ActiveCfg = Debug|x86
		{1F57A761-3B58-4620-A8EF-5E3A2C85F09F}.Debug|x86.Build.0 = Debug|x86
		{1F57A761-3B58-4620-A8EF-5E3A2C85F09F}.Release|Any CPU.ActiveCfg = Release|x86
		{1F57A761-3B58-4620-A8EF-5E3A2C85F09F}.Release|Mixed Platforms.ActiveCfg = Release|x86
		{1F57A761-3B58-4620-A8EF-5E3A2C85F09F}.Release|Mixed Platforms.Build.0 = Release|x86
		{1F57A761-3B58-4620-A8EF-5E3A2C85F09F}.Release|x86.ActiveCfg = Release|x86
		{1F57A761-3B58-4620-A8EF-5E3A2C85F09F}.Release|x86.Build.0 = Release|x86
		{D0CDABFE-17D3-459B-87A1-22EA0F7CB916}.Debug|Any CPU.ActiveCfg = Debug|x86
		{D0CDABFE-17D3-459B-87A1-22EA0F7CB916}.Debug|Mixed Platforms.ActiveCfg = Debug|x86
		{D0CDABFE-17D3-459B-87A1-22EA0F7CB916}.Debug|Mixed Platforms.Build.0 = Debug|x86
		{D0CDABFE-17D3-459B-87A1-22EA0F7CB916}.Debug|x86.ActiveCfg = Debug|x86
		{D0CDABFE-17D3-459B-87A1-22EA0F7CB916}.Debug|x86.Build.0 = Debug|x86
		{D0CDABFE-17D3-459B-87A1-22EA0F7CB916}.Release|Any CPU.ActiveCfg = Release|x86
		{D0CDABFE-17D3-459B-87A1-22EA0F7CB916}.Release|Mixed Platforms.ActiveCfg = Release|x86
		{D0CDABFE-17D3-459B-87A1-22EA0F7CB916}.Release|Mixed Platforms.Build.0 = Release|x86
		{D0CDABFE-17D3-459B-87A1-22EA0F7CB916}.Release|x86.ActiveCfg = Release|x86
		{D0CDABFE-17D3-459B-87A1-22EA0F7CB916}.Release|x86.Build.0 = Release|x86
		{B759591E-0A82-41FE-8DB9-9FFD01EA599B}.Debug|Any CPU.ActiveCfg = Debug|x86
		{B759591E-0A82-41FE-8DB9-9FFD01EA599B}.Debug|Mixed Platforms.ActiveCfg = Debug|x86
		{B759591E-0A82-41FE-8DB9-9FFD01EA599B}.Debug|Mixed Platforms.Build.0 = Debug|x86
		{B759591E-0A82-41FE-8DB9-9FFD01EA599B}.Debug|x86.ActiveCfg = Debug|x86
		{B759591E-0A82-41FE-8DB9-9FFD01EA599B}.Debug|x86.Build.0 = Debug|x86
		{B759591E-0A82-41FE-8DB9-9FFD01EA599B}.Release|Any CPU.ActiveCfg = Release|x86
		{B759591E-0A82-41FE-8DB9-9FFD01EA599B}.Release|Mixed Platforms.ActiveCfg = Release|x86
		{B759591E-0A82-41FE-8DB9-9FFD01EA599B}.Release|Mixed Platforms.Build.0 = Release|x86
		{B759591E-0A82-41FE-8DB9-9FFD01EA599B}.Release|x86.ActiveCfg = Release|x86
		{B759591E-0A82-41FE-8DB9-9FFD01EA599B}.Release|x86.Build.0 = Release|x86
		{25930E2D-46A9-4BFE-871A-100B1D43FCD3}.Debug|Any CPU.ActiveCfg = Debug|x86
		{25930E2D-46A9-4BFE-871A-100B1D43FCD3}.Debug|Mixed Platforms.ActiveCfg = Debug|x86
		{25930E2D-46A9-4BFE-871A-100B1D43FCD3}.Debug|Mixed Platforms.Build.0 = Debug|x86
		{25930E2D-46A9-4BFE-871A-100B1D43FCD3}.Debug|x86.ActiveCfg = Debug|x86
		{25930E2D-46A9-4BFE-871A-100B1D43FCD3}.Debug|x86.Build.0 = Debug|x86
		{25930E2D-46A9-4BFE-871A-100B1D43FCD3}.Release|Any CPU.ActiveCfg = Release|x86
		{25930E2D-46A9-4BFE-871A-100B1D43FCD3}.Release|Mixed Platforms.ActiveCfg = Release|x86
		{25930E2D-46A9-4BFE-871A-100B1D43FCD3}.Release|Mixed Platforms.Build.0 = Release|x86
		{25930E2D-46A9-4BFE-871A-100B1D43FCD3}.Release|x86.ActiveCfg = Release|x86
		{25930E2D-46A9-4BFE-871A-100B1D43FCD3}.Release|x86.Build.0 = Release|x86
	EndGlobalSection
	GlobalSection(SolutionProperties) = preSolution
		HideSolutionNode = FALSE
	EndGlobalSection
EndGlobal
